
Microsoft Visual Studio Solution File, Format Version 12.00
# Visual Studio Version 17
VisualStudioVersion = 17.4.33205.214
MinimumVisualStudioVersion = 10.0.40219.1
Project("{9A19103F-16F7-4668-BE54-9A1E7A4F7556}") = "Stock", "Stock\Stock.csproj", "{C78043C0-EEDB-460A-BABD-C17305111609}"
EndProject
Project("{9A19103F-16F7-4668-BE54-9A1E7A4F7556}") = "DAL", "DAL\DAL.csproj", "{DCD85625-B9E0-4895-BEC0-5A83447D7D56}"
EndProject
Project("{9A19103F-16F7-4668-BE54-9A1E7A4F7556}") = "BL", "BL\BL.csproj", "{DAD299C8-DE79-43E5-92EC-66A4A5725700}"
EndProject
Global
	GlobalSection(SolutionConfigurationPlatforms) = preSolution
		Debug|Any CPU = Debug|Any CPU
		Release|Any CPU = Release|Any CPU
	EndGlobalSection
	GlobalSection(ProjectConfigurationPlatforms) = postSolution
		{C78043C0-EEDB-460A-BABD-C17305111609}.Debug|Any CPU.ActiveCfg = Debug|Any CPU
		{C78043C0-EEDB-460A-BABD-C17305111609}.Debug|Any CPU.Build.0 = Debug|Any CPU
		{C78043C0-EEDB-460A-BABD-C17305111609}.Release|Any CPU.ActiveCfg = Release|Any CPU
		{C78043C0-EEDB-460A-BABD-C17305111609}.Release|Any CPU.Build.0 = Release|Any CPU
		{DCD85625-B9E0-4895-BEC0-5A83447D7D56}.Debug|Any CPU.ActiveCfg = Debug|Any CPU
		{DCD85625-B9E0-4895-BEC0-5A83447D7D56}.Debug|Any CPU.Build.0 = Debug|Any CPU
		{DCD85625-B9E0-4895-BEC0-5A83447D7D56}.Release|Any CPU.ActiveCfg = Release|Any CPU
		{DCD85625-B9E0-4895-BEC0-5A83447D7D56}.Release|Any CPU.Build.0 = Release|Any CPU
		{DAD299C8-DE79-43E5-92EC-66A4A5725700}.Debug|Any CPU.ActiveCfg = Debug|Any CPU
		{DAD299C8-DE79-43E5-92EC-66A4A5725700}.Debug|Any CPU.Build.0 = Debug|Any CPU
		{DAD299C8-DE79-43E5-92EC-66A4A5725700}.Release|Any CPU.ActiveCfg = Release|Any CPU
		{DAD299C8-DE79-43E5-92EC-66A4A5725700}.Release|Any CPU.Build.0 = Release|Any CPU
	EndGlobalSection
	GlobalSection(SolutionProperties) = preSolution
		HideSolutionNode = FALSE
	EndGlobalSection
	GlobalSection(ExtensibilityGlobals) = postSolution
		SolutionGuid = {D7170631-C133-4895-834D-BCC74E37AEDC}
	EndGlobalSection
EndGlobal
